# This file is autogenerated, do not edit; changes may be undone by the next 'dep ensure'.


[[projects]]
  branch = "master"
  name = "github.com/btcsuite/btclog"
  packages = ["."]
  revision = "84c8d2346e9fc8c7b947e243b9c24e6df9fd206a"

[[projects]]
  branch = "master"
  name = "github.com/btcsuite/go-socks"
  packages = ["socks"]
  revision = "4720035b7bfd2a9bb130b1c184f8bbe41b6f0d0f"

[[projects]]
  branch = "master"
  name = "github.com/btcsuite/golangcrypto"
  packages = ["ripemd160"]
  revision = "53f62d9b43e87a6c56975cf862af7edf33a8d0df"

[[projects]]
  branch = "master"
  name = "github.com/davecgh/go-spew"
  packages = ["spew"]
  revision = "8991bc29aa16c548c550c7ff78260e27b9ab7c73"

[[projects]]
  name = "github.com/jessevdk/go-flags"
  packages = ["."]
  revision = "c6ca198ec95c841fdb89fc0de7496fed11ab854e"
  version = "v1.4.0"

[[projects]]
  name = "github.com/miekg/dns"
  packages = ["."]
  revision = "83c435cc65d2862736428b9b4d07d0ab10ad3e4d"
  version = "v1.0.5"

[[projects]]
  branch = "master"
  name = "github.com/viacoin/viad"
  packages = [
    "blockchain",
    "btcec",
    "chaincfg",
    "chaincfg/chainhash",
    "database",
    "peer",
    "txscript",
    "wire"
  ]
  revision = "65fc0aa9fc9238d39504ca7fbbf6fc96900b136b"

[[projects]]
  branch = "master"
  name = "github.com/viacoin/viautil"
  packages = [
    ".",
    "base58",
    "bech32"
  ]
  revision = "ed9ec48290bc085ae179946a14675bf2249fc718"

[[projects]]
  branch = "master"
  name = "golang.org/x/crypto"
  packages = [
    "ed25519",
    "ed25519/internal/edwards25519",
    "pbkdf2",
    "ripemd160",
    "scrypt"
  ]
  revision = "21052ae46654ecf18dfdba0f7c12701a1e2b3164"

[[projects]]
  branch = "master"
  name = "golang.org/x/net"
  packages = [
    "bpf",
    "internal/iana",
    "internal/socket",
    "ipv4",
    "ipv6"
  ]
  revision = "f73e4c9ed3b7ebdd5f699a16a880c2b1994e50dd"

[solve-meta]
  analyzer-name = "dep"
  analyzer-version = 1
  inputs-digest = "5ca57dbe2bb801c9e162dc111920d83c0e3dfcb7b0f085a80ea17d384690618b"
  solver-name = "gps-cdcl"
  solver-version = 1
